
Microsoft Visual Studio Solution File, Format Version 12.00
# Visual Studio Version 17
VisualStudioVersion = 17.5.33530.505
MinimumVisualStudioVersion = 10.0.40219.1
Project("{FAE04EC0-301F-11D3-BF4B-00C04F79EFBC}") = "WealthCompany.API", "WealthCompany.API\WealthCompany.API.csproj", "{C46D5492-970A-407C-94FD-704D8EB8E251}"
EndProject
Project("{FAE04EC0-301F-11D3-BF4B-00C04F79EFBC}") = "WealthCompany.Business", "WealthCompany.Business\WealthCompany.Business.csproj", "{A16C4FC6-E782-4822-B2C2-597BB59A1F2A}"
EndProject
Project("{FAE04EC0-301F-11D3-BF4B-00C04F79EFBC}") = "WealthCompany.Core", "WealthCompany.Core\WealthCompany.Core.csproj", "{96330C1E-5DC6-4CEB-93EE-711765B06FCD}"
EndProject
Project("{FAE04EC0-301F-11D3-BF4B-00C04F79EFBC}") = "WealthCompany.Data", "WealthCompany.Data\WealthCompany.Data.csproj", "{77FBFE4E-1921-4369-B47D-D91700071F06}"
EndProject
Project("{FAE04EC0-301F-11D3-BF4B-00C04F79EFBC}") = "WealthCompany.Service", "WealthCompany.Service\WealthCompany.Service.csproj", "{5722A1DE-B431-475D-85FA-58203B8F0451}"
EndProject
Global
	GlobalSection(SolutionConfigurationPlatforms) = preSolution
		Debug|Any CPU = Debug|Any CPU
		Release|Any CPU = Release|Any CPU
	EndGlobalSection
	GlobalSection(ProjectConfigurationPlatforms) = postSolution
		{C46D5492-970A-407C-94FD-704D8EB8E251}.Debug|Any CPU.ActiveCfg = Debug|Any CPU
		{C46D5492-970A-407C-94FD-704D8EB8E251}.Debug|Any CPU.Build.0 = Debug|Any CPU
		{C46D5492-970A-407C-94FD-704D8EB8E251}.Release|Any CPU.ActiveCfg = Release|Any CPU
		{C46D5492-970A-407C-94FD-704D8EB8E251}.Release|Any CPU.Build.0 = Release|Any CPU
		{A16C4FC6-E782-4822-B2C2-597BB59A1F2A}.Debug|Any CPU.ActiveCfg = Debug|Any CPU
		{A16C4FC6-E782-4822-B2C2-597BB59A1F2A}.Debug|Any CPU.Build.0 = Debug|Any CPU
		{A16C4FC6-E782-4822-B2C2-597BB59A1F2A}.Release|Any CPU.ActiveCfg = Release|Any CPU
		{A16C4FC6-E782-4822-B2C2-597BB59A1F2A}.Release|Any CPU.Build.0 = Release|Any CPU
		{96330C1E-5DC6-4CEB-93EE-711765B06FCD}.Debug|Any CPU.ActiveCfg = Debug|Any CPU
		{96330C1E-5DC6-4CEB-93EE-711765B06FCD}.Debug|Any CPU.Build.0 = Debug|Any CPU
		{96330C1E-5DC6-4CEB-93EE-711765B06FCD}.Release|Any CPU.ActiveCfg = Release|Any CPU
		{96330C1E-5DC6-4CEB-93EE-711765B06FCD}.Release|Any CPU.Build.0 = Release|Any CPU
		{77FBFE4E-1921-4369-B47D-D91700071F06}.Debug|Any CPU.ActiveCfg = Debug|Any CPU
		{77FBFE4E-1921-4369-B47D-D91700071F06}.Debug|Any CPU.Build.0 = Debug|Any CPU
		{77FBFE4E-1921-4369-B47D-D91700071F06}.Release|Any CPU.ActiveCfg = Release|Any CPU
		{77FBFE4E-1921-4369-B47D-D91700071F06}.Release|Any CPU.Build.0 = Release|Any CPU
		{5722A1DE-B431-475D-85FA-58203B8F0451}.Debug|Any CPU.ActiveCfg = Debug|Any CPU
		{5722A1DE-B431-475D-85FA-58203B8F0451}.Debug|Any CPU.Build.0 = Debug|Any CPU
		{5722A1DE-B431-475D-85FA-58203B8F0451}.Release|Any CPU.ActiveCfg = Release|Any CPU
		{5722A1DE-B431-475D-85FA-58203B8F0451}.Release|Any CPU.Build.0 = Release|Any CPU
	EndGlobalSection
	GlobalSection(SolutionProperties) = preSolution
		HideSolutionNode = FALSE
	EndGlobalSection
	GlobalSection(ExtensibilityGlobals) = postSolution
		SolutionGuid = {5AE6E0C3-E445-4F04-A06B-FC8D126BA650}
	EndGlobalSection
EndGlobal
